
Microsoft Visual Studio Solution File, Format Version 12.00
# Visual Studio 15
VisualStudioVersion = 15.0.26730.3
MinimumVisualStudioVersion = 10.0.40219.1
Project("{FAE04EC0-301F-11D3-BF4B-00C04F79EFBC}") = "iCamp_ite233", "iCamp_ite233\iCamp_ite233.csproj", "{AC300D0A-2CC4-4A68-BA2E-99732798E7D7}"
EndProject
Global
	GlobalSection(SolutionConfigurationPlatforms) = preSolution
		Debug|Any CPU = Debug|Any CPU
		Release|Any CPU = Release|Any CPU
	EndGlobalSection
	GlobalSection(ProjectConfigurationPlatforms) = postSolution
		{AC300D0A-2CC4-4A68-BA2E-99732798E7D7}.Debug|Any CPU.ActiveCfg = Debug|Any CPU
		{AC300D0A-2CC4-4A68-BA2E-99732798E7D7}.Debug|Any CPU.Build.0 = Debug|Any CPU
		{AC300D0A-2CC4-4A68-BA2E-99732798E7D7}.Release|Any CPU.ActiveCfg = Release|Any CPU
		{AC300D0A-2CC4-4A68-BA2E-99732798E7D7}.Release|Any CPU.Build.0 = Release|Any CPU
	EndGlobalSection
	GlobalSection(SolutionProperties) = preSolution
		HideSolutionNode = FALSE
	EndGlobalSection
	GlobalSection(ExtensibilityGlobals) = postSolution
		SolutionGuid = {A5C0280C-1517-4605-B6CE-E91AD55CCCA2}
	EndGlobalSection
EndGlobal
